
Microsoft Visual Studio Solution File, Format Version 12.00
# Visual Studio 15
VisualStudioVersion = 15.0.28307.2017
MinimumVisualStudioVersion = 10.0.40219.1
Project("{FAE04EC0-301F-11D3-BF4B-00C04F79EFBC}") = "RiskDashboard", "RiskDashboard\RiskDashboard.csproj", "{CFB3A09C-435E-412D-A12F-2FD95BCF87F7}"
EndProject
Project("{FAE04EC0-301F-11D3-BF4B-00C04F79EFBC}") = "RiskDashboard.Tests", "RiskDashboard.Tests\RiskDashboard.Tests.csproj", "{BDC78F5C-955E-43B1-BB26-B9539506DAF7}"
EndProject
Global
	GlobalSection(SolutionConfigurationPlatforms) = preSolution
		Debug|Any CPU = Debug|Any CPU
		Release|Any CPU = Release|Any CPU
	EndGlobalSection
	GlobalSection(ProjectConfigurationPlatforms) = postSolution
		{CFB3A09C-435E-412D-A12F-2FD95BCF87F7}.Debug|Any CPU.ActiveCfg = Debug|Any CPU
		{CFB3A09C-435E-412D-A12F-2FD95BCF87F7}.Debug|Any CPU.Build.0 = Debug|Any CPU
		{CFB3A09C-435E-412D-A12F-2FD95BCF87F7}.Release|Any CPU.ActiveCfg = Release|Any CPU
		{CFB3A09C-435E-412D-A12F-2FD95BCF87F7}.Release|Any CPU.Build.0 = Release|Any CPU
		{BDC78F5C-955E-43B1-BB26-B9539506DAF7}.Debug|Any CPU.ActiveCfg = Debug|Any CPU
		{BDC78F5C-955E-43B1-BB26-B9539506DAF7}.Debug|Any CPU.Build.0 = Debug|Any CPU
		{BDC78F5C-955E-43B1-BB26-B9539506DAF7}.Release|Any CPU.ActiveCfg = Release|Any CPU
		{BDC78F5C-955E-43B1-BB26-B9539506DAF7}.Release|Any CPU.Build.0 = Release|Any CPU
	EndGlobalSection
	GlobalSection(SolutionProperties) = preSolution
		HideSolutionNode = FALSE
	EndGlobalSection
	GlobalSection(ExtensibilityGlobals) = postSolution
		SolutionGuid = {753E239C-9980-437E-84BD-73ACC369C50C}
	EndGlobalSection
EndGlobal
